
Microsoft Visual Studio Solution File, Format Version 12.00
# Visual Studio Version 17
VisualStudioVersion = 17.3.32901.215
MinimumVisualStudioVersion = 10.0.40219.1
Project("{9A19103F-16F7-4668-BE54-9A1E7A4F7556}") = "TqkLibrary.Proxy", "TqkLibrary.Proxy\TqkLibrary.Proxy.csproj", "{7F426B6B-9FF4-49A6-A04F-F2B548ED68D7}"
EndProject
Project("{9A19103F-16F7-4668-BE54-9A1E7A4F7556}") = "ConsoleTest", "ConsoleTest\ConsoleTest.csproj", "{40FA16F0-BA5E-40C7-A5B4-A9AA09C967C9}"
EndProject
Project("{9A19103F-16F7-4668-BE54-9A1E7A4F7556}") = "TestProxy", "TestProxy\TestProxy.csproj", "{DE676026-74A6-46B6-8A3F-55D53645AE6E}"
EndProject
Project("{2150E333-8FDC-42A3-9474-1A3956D46DE8}") = "Solution Items", "Solution Items", "{C1D31E06-4B0C-4398-A9E2-8D52495A76E0}"
	ProjectSection(SolutionItems) = preProject
		ProjectBuildProperties.targets = ProjectBuildProperties.targets
	EndProjectSection
EndProject
Global
	GlobalSection(SolutionConfigurationPlatforms) = preSolution
		Debug|Any CPU = Debug|Any CPU
		Release|Any CPU = Release|Any CPU
	EndGlobalSection
	GlobalSection(ProjectConfigurationPlatforms) = postSolution
		{7F426B6B-9FF4-49A6-A04F-F2B548ED68D7}.Debug|Any CPU.ActiveCfg = Debug|Any CPU
		{7F426B6B-9FF4-49A6-A04F-F2B548ED68D7}.Debug|Any CPU.Build.0 = Debug|Any CPU
		{7F426B6B-9FF4-49A6-A04F-F2B548ED68D7}.Release|Any CPU.ActiveCfg = Release|Any CPU
		{7F426B6B-9FF4-49A6-A04F-F2B548ED68D7}.Release|Any CPU.Build.0 = Release|Any CPU
		{40FA16F0-BA5E-40C7-A5B4-A9AA09C967C9}.Debug|Any CPU.ActiveCfg = Debug|Any CPU
		{40FA16F0-BA5E-40C7-A5B4-A9AA09C967C9}.Debug|Any CPU.Build.0 = Debug|Any CPU
		{40FA16F0-BA5E-40C7-A5B4-A9AA09C967C9}.Release|Any CPU.ActiveCfg = Release|Any CPU
		{40FA16F0-BA5E-40C7-A5B4-A9AA09C967C9}.Release|Any CPU.Build.0 = Release|Any CPU
		{DE676026-74A6-46B6-8A3F-55D53645AE6E}.Debug|Any CPU.ActiveCfg = Debug|Any CPU
		{DE676026-74A6-46B6-8A3F-55D53645AE6E}.Debug|Any CPU.Build.0 = Debug|Any CPU
		{DE676026-74A6-46B6-8A3F-55D53645AE6E}.Release|Any CPU.ActiveCfg = Release|Any CPU
		{DE676026-74A6-46B6-8A3F-55D53645AE6E}.Release|Any CPU.Build.0 = Release|Any CPU
	EndGlobalSection
	GlobalSection(SolutionProperties) = preSolution
		HideSolutionNode = FALSE
	EndGlobalSection
	GlobalSection(ExtensibilityGlobals) = postSolution
		SolutionGuid = {115C4848-9F2A-401E-97AA-2114963AD549}
	EndGlobalSection
EndGlobal
