
Microsoft Visual Studio Solution File, Format Version 12.00
# Visual Studio Version 17
VisualStudioVersion = 17.3.32901.215
MinimumVisualStudioVersion = 10.0.40219.1
Project("{9A19103F-16F7-4668-BE54-9A1E7A4F7556}") = "TqkLibrary.Proxy", "TqkLibrary.Proxy\TqkLibrary.Proxy.csproj", "{7F426B6B-9FF4-49A6-A04F-F2B548ED68D7}"
EndProject
Project("{9A19103F-16F7-4668-BE54-9A1E7A4F7556}") = "ConsoleTest", "ConsoleTest\ConsoleTest.csproj", "{40FA16F0-BA5E-40C7-A5B4-A9AA09C967C9}"
EndProject
Project("{9A19103F-16F7-4668-BE54-9A1E7A4F7556}") = "TestProxy", "TestProxy\TestProxy.csproj", "{DE676026-74A6-46B6-8A3F-55D53645AE6E}"
EndProject
Project("{FAE04EC0-301F-11D3-BF4B-00C04F79EFBC}") = "DemoProxyThrottling", "DemoProxyThrottling\DemoProxyThrottling.csproj", "{CE23B3A5-80BB-4693-8823-252CDF080A33}"
EndProject
Project("{FAE04EC0-301F-11D3-BF4B-00C04F79EFBC}") = "TqkLibrary.Proxy.GlobalUnicast", "TqkLibrary.Proxy.GlobalUnicast\TqkLibrary.Proxy.GlobalUnicast.csproj", "{7D5DA4FE-4E5B-438E-9134-FA9360B902F9}"
EndProject
Project("{FAE04EC0-301F-11D3-BF4B-00C04F79EFBC}") = "TestProxyWindow", "TestProxyWindow\TestProxyWindow.csproj", "{8278E663-B2F6-4630-A1D8-B97F25B70453}"
EndProject
Project("{FAE04EC0-301F-11D3-BF4B-00C04F79EFBC}") = "TqkLibrary.Proxy.SshCli", "TqkLibrary.Proxy.SshCli\TqkLibrary.Proxy.SshCli.csproj", "{63287FB7-7498-48ED-9F25-3D5AEC076D8E}"
EndProject
Project("{FAE04EC0-301F-11D3-BF4B-00C04F79EFBC}") = "TestProxy.Local", "TestProxy.Local\TestProxy.Local.csproj", "{844CD768-F168-4BB3-B79B-03B7C8BD510A}"
EndProject
Project("{FAE04EC0-301F-11D3-BF4B-00C04F79EFBC}") = "TqkLibrary.Proxy.Vpn.WireProxyCli", "TqkLibrary.Proxy.Vpn.WireProxyCli\TqkLibrary.Proxy.Vpn.WireProxyCli.csproj", "{6038E4E6-65DC-4E54-8B11-D21652DF3A41}"
EndProject
Project("{FAE04EC0-301F-11D3-BF4B-00C04F79EFBC}") = "TqkLibrary.Proxy.Reverse", "TqkLibrary.Proxy.Reverse\TqkLibrary.Proxy.Reverse.csproj", "{78995201-8F38-4848-8DE3-A3E01CE5AD68}"
EndProject
Project("{FAE04EC0-301F-11D3-BF4B-00C04F79EFBC}") = "TqkLibrary.Proxy.Reverse.Transport.RawTcp", "TqkLibrary.Proxy.Reverse.Transport.RawTcp\TqkLibrary.Proxy.Reverse.Transport.RawTcp.csproj", "{AEC4B5C2-5A60-49A3-8B7E-133E91F50FB1}"
EndProject
Project("{FAE04EC0-301F-11D3-BF4B-00C04F79EFBC}") = "TqkLibrary.Proxy.Reverse.Transport.WebSocket", "TqkLibrary.Proxy.Reverse.Transport.WebSocket\TqkLibrary.Proxy.Reverse.Transport.WebSocket.csproj", "{A5C38F93-D72C-4F52-8DAC-0076061B8A4E}"
EndProject
Project("{FAE04EC0-301F-11D3-BF4B-00C04F79EFBC}") = "TqkLibrary.Proxy.Reverse.Transport.AspNetCore", "TqkLibrary.Proxy.Reverse.Transport.AspNetCore\TqkLibrary.Proxy.Reverse.Transport.AspNetCore.csproj", "{D0C0C743-FBFA-4100-B5AC-4603959DAD3F}"
EndProject
Global
	GlobalSection(SolutionConfigurationPlatforms) = preSolution
		Debug|Any CPU = Debug|Any CPU
		Debug|x64 = Debug|x64
		Debug|x86 = Debug|x86
		Release|Any CPU = Release|Any CPU
		Release|x64 = Release|x64
		Release|x86 = Release|x86
	EndGlobalSection
	GlobalSection(ProjectConfigurationPlatforms) = postSolution
		{7F426B6B-9FF4-49A6-A04F-F2B548ED68D7}.Debug|Any CPU.ActiveCfg = Debug|Any CPU
		{7F426B6B-9FF4-49A6-A04F-F2B548ED68D7}.Debug|Any CPU.Build.0 = Debug|Any CPU
		{7F426B6B-9FF4-49A6-A04F-F2B548ED68D7}.Debug|x64.ActiveCfg = Debug|Any CPU
		{7F426B6B-9FF4-49A6-A04F-F2B548ED68D7}.Debug|x64.Build.0 = Debug|Any CPU
		{7F426B6B-9FF4-49A6-A04F-F2B548ED68D7}.Debug|x86.ActiveCfg = Debug|Any CPU
		{7F426B6B-9FF4-49A6-A04F-F2B548ED68D7}.Debug|x86.Build.0 = Debug|Any CPU
		{7F426B6B-9FF4-49A6-A04F-F2B548ED68D7}.Release|Any CPU.ActiveCfg = Release|Any CPU
		{7F426B6B-9FF4-49A6-A04F-F2B548ED68D7}.Release|Any CPU.Build.0 = Release|Any CPU
		{7F426B6B-9FF4-49A6-A04F-F2B548ED68D7}.Release|x64.ActiveCfg = Release|Any CPU
		{7F426B6B-9FF4-49A6-A04F-F2B548ED68D7}.Release|x64.Build.0 = Release|Any CPU
		{7F426B6B-9FF4-49A6-A04F-F2B548ED68D7}.Release|x86.ActiveCfg = Release|Any CPU
		{7F426B6B-9FF4-49A6-A04F-F2B548ED68D7}.Release|x86.Build.0 = Release|Any CPU
		{40FA16F0-BA5E-40C7-A5B4-A9AA09C967C9}.Debug|Any CPU.ActiveCfg = Debug|Any CPU
		{40FA16F0-BA5E-40C7-A5B4-A9AA09C967C9}.Debug|Any CPU.Build.0 = Debug|Any CPU
		{40FA16F0-BA5E-40C7-A5B4-A9AA09C967C9}.Debug|x64.ActiveCfg = Debug|Any CPU
		{40FA16F0-BA5E-40C7-A5B4-A9AA09C967C9}.Debug|x64.Build.0 = Debug|Any CPU
		{40FA16F0-BA5E-40C7-A5B4-A9AA09C967C9}.Debug|x86.ActiveCfg = Debug|Any CPU
		{40FA16F0-BA5E-40C7-A5B4-A9AA09C967C9}.Debug|x86.Build.0 = Debug|Any CPU
		{40FA16F0-BA5E-40C7-A5B4-A9AA09C967C9}.Release|Any CPU.ActiveCfg = Release|Any CPU
		{40FA16F0-BA5E-40C7-A5B4-A9AA09C967C9}.Release|Any CPU.Build.0 = Release|Any CPU
		{40FA16F0-BA5E-40C7-A5B4-A9AA09C967C9}.Release|x64.ActiveCfg = Release|Any CPU
		{40FA16F0-BA5E-40C7-A5B4-A9AA09C967C9}.Release|x64.Build.0 = Release|Any CPU
		{40FA16F0-BA5E-40C7-A5B4-A9AA09C967C9}.Release|x86.ActiveCfg = Release|Any CPU
		{40FA16F0-BA5E-40C7-A5B4-A9AA09C967C9}.Release|x86.Build.0 = Release|Any CPU
		{DE676026-74A6-46B6-8A3F-55D53645AE6E}.Debug|Any CPU.ActiveCfg = Debug|Any CPU
		{DE676026-74A6-46B6-8A3F-55D53645AE6E}.Debug|Any CPU.Build.0 = Debug|Any CPU
		{DE676026-74A6-46B6-8A3F-55D53645AE6E}.Debug|x64.ActiveCfg = Debug|Any CPU
		{DE676026-74A6-46B6-8A3F-55D53645AE6E}.Debug|x64.Build.0 = Debug|Any CPU
		{DE676026-74A6-46B6-8A3F-55D53645AE6E}.Debug|x86.ActiveCfg = Debug|Any CPU
		{DE676026-74A6-46B6-8A3F-55D53645AE6E}.Debug|x86.Build.0 = Debug|Any CPU
		{DE676026-74A6-46B6-8A3F-55D53645AE6E}.Release|Any CPU.ActiveCfg = Release|Any CPU
		{DE676026-74A6-46B6-8A3F-55D53645AE6E}.Release|Any CPU.Build.0 = Release|Any CPU
		{DE676026-74A6-46B6-8A3F-55D53645AE6E}.Release|x64.ActiveCfg = Release|Any CPU
		{DE676026-74A6-46B6-8A3F-55D53645AE6E}.Release|x64.Build.0 = Release|Any CPU
		{DE676026-74A6-46B6-8A3F-55D53645AE6E}.Release|x86.ActiveCfg = Release|Any CPU
		{DE676026-74A6-46B6-8A3F-55D53645AE6E}.Release|x86.Build.0 = Release|Any CPU
		{CE23B3A5-80BB-4693-8823-252CDF080A33}.Debug|Any CPU.ActiveCfg = Debug|Any CPU
		{CE23B3A5-80BB-4693-8823-252CDF080A33}.Debug|Any CPU.Build.0 = Debug|Any CPU
		{CE23B3A5-80BB-4693-8823-252CDF080A33}.Debug|x64.ActiveCfg = Debug|Any CPU
		{CE23B3A5-80BB-4693-8823-252CDF080A33}.Debug|x64.Build.0 = Debug|Any CPU
		{CE23B3A5-80BB-4693-8823-252CDF080A33}.Debug|x86.ActiveCfg = Debug|Any CPU
		{CE23B3A5-80BB-4693-8823-252CDF080A33}.Debug|x86.Build.0 = Debug|Any CPU
		{CE23B3A5-80BB-4693-8823-252CDF080A33}.Release|Any CPU.ActiveCfg = Release|Any CPU
		{CE23B3A5-80BB-4693-8823-252CDF080A33}.Release|Any CPU.Build.0 = Release|Any CPU
		{CE23B3A5-80BB-4693-8823-252CDF080A33}.Release|x64.ActiveCfg = Release|Any CPU
		{CE23B3A5-80BB-4693-8823-252CDF080A33}.Release|x64.Build.0 = Release|Any CPU
		{CE23B3A5-80BB-4693-8823-252CDF080A33}.Release|x86.ActiveCfg = Release|Any CPU
		{CE23B3A5-80BB-4693-8823-252CDF080A33}.Release|x86.Build.0 = Release|Any CPU
		{7D5DA4FE-4E5B-438E-9134-FA9360B902F9}.Debug|Any CPU.ActiveCfg = Debug|Any CPU
		{7D5DA4FE-4E5B-438E-9134-FA9360B902F9}.Debug|Any CPU.Build.0 = Debug|Any CPU
		{7D5DA4FE-4E5B-438E-9134-FA9360B902F9}.Debug|x64.ActiveCfg = Debug|Any CPU
		{7D5DA4FE-4E5B-438E-9134-FA9360B902F9}.Debug|x64.Build.0 = Debug|Any CPU
		{7D5DA4FE-4E5B-438E-9134-FA9360B902F9}.Debug|x86.ActiveCfg = Debug|Any CPU
		{7D5DA4FE-4E5B-438E-9134-FA9360B902F9}.Debug|x86.Build.0 = Debug|Any CPU
		{7D5DA4FE-4E5B-438E-9134-FA9360B902F9}.Release|Any CPU.ActiveCfg = Release|Any CPU
		{7D5DA4FE-4E5B-438E-9134-FA9360B902F9}.Release|Any CPU.Build.0 = Release|Any CPU
		{7D5DA4FE-4E5B-438E-9134-FA9360B902F9}.Release|x64.ActiveCfg = Release|Any CPU
		{7D5DA4FE-4E5B-438E-9134-FA9360B902F9}.Release|x64.Build.0 = Release|Any CPU
		{7D5DA4FE-4E5B-438E-9134-FA9360B902F9}.Release|x86.ActiveCfg = Release|Any CPU
		{7D5DA4FE-4E5B-438E-9134-FA9360B902F9}.Release|x86.Build.0 = Release|Any CPU
		{8278E663-B2F6-4630-A1D8-B97F25B70453}.Debug|Any CPU.ActiveCfg = Debug|Any CPU
		{8278E663-B2F6-4630-A1D8-B97F25B70453}.Debug|Any CPU.Build.0 = Debug|Any CPU
		{8278E663-B2F6-4630-A1D8-B97F25B70453}.Debug|x64.ActiveCfg = Debug|Any CPU
		{8278E663-B2F6-4630-A1D8-B97F25B70453}.Debug|x64.Build.0 = Debug|Any CPU
		{8278E663-B2F6-4630-A1D8-B97F25B70453}.Debug|x86.ActiveCfg = Debug|Any CPU
		{8278E663-B2F6-4630-A1D8-B97F25B70453}.Debug|x86.Build.0 = Debug|Any CPU
		{8278E663-B2F6-4630-A1D8-B97F25B70453}.Release|Any CPU.ActiveCfg = Release|Any CPU
		{8278E663-B2F6-4630-A1D8-B97F25B70453}.Release|Any CPU.Build.0 = Release|Any CPU
		{8278E663-B2F6-4630-A1D8-B97F25B70453}.Release|x64.ActiveCfg = Release|Any CPU
		{8278E663-B2F6-4630-A1D8-B97F25B70453}.Release|x64.Build.0 = Release|Any CPU
		{8278E663-B2F6-4630-A1D8-B97F25B70453}.Release|x86.ActiveCfg = Release|Any CPU
		{8278E663-B2F6-4630-A1D8-B97F25B70453}.Release|x86.Build.0 = Release|Any CPU
		{63287FB7-7498-48ED-9F25-3D5AEC076D8E}.Debug|Any CPU.ActiveCfg = Debug|Any CPU
		{63287FB7-7498-48ED-9F25-3D5AEC076D8E}.Debug|Any CPU.Build.0 = Debug|Any CPU
		{63287FB7-7498-48ED-9F25-3D5AEC076D8E}.Debug|x64.ActiveCfg = Debug|Any CPU
		{63287FB7-7498-48ED-9F25-3D5AEC076D8E}.Debug|x64.Build.0 = Debug|Any CPU
		{63287FB7-7498-48ED-9F25-3D5AEC076D8E}.Debug|x86.ActiveCfg = Debug|Any CPU
		{63287FB7-7498-48ED-9F25-3D5AEC076D8E}.Debug|x86.Build.0 = Debug|Any CPU
		{63287FB7-7498-48ED-9F25-3D5AEC076D8E}.Release|Any CPU.ActiveCfg = Release|Any CPU
		{63287FB7-7498-48ED-9F25-3D5AEC076D8E}.Release|Any CPU.Build.0 = Release|Any CPU
		{63287FB7-7498-48ED-9F25-3D5AEC076D8E}.Release|x64.ActiveCfg = Release|Any CPU
		{63287FB7-7498-48ED-9F25-3D5AEC076D8E}.Release|x64.Build.0 = Release|Any CPU
		{63287FB7-7498-48ED-9F25-3D5AEC076D8E}.Release|x86.ActiveCfg = Release|Any CPU
		{63287FB7-7498-48ED-9F25-3D5AEC076D8E}.Release|x86.Build.0 = Release|Any CPU
		{844CD768-F168-4BB3-B79B-03B7C8BD510A}.Debug|Any CPU.ActiveCfg = Debug|Any CPU
		{844CD768-F168-4BB3-B79B-03B7C8BD510A}.Debug|Any CPU.Build.0 = Debug|Any CPU
		{844CD768-F168-4BB3-B79B-03B7C8BD510A}.Debug|x64.ActiveCfg = Debug|Any CPU
		{844CD768-F168-4BB3-B79B-03B7C8BD510A}.Debug|x64.Build.0 = Debug|Any CPU
		{844CD768-F168-4BB3-B79B-03B7C8BD510A}.Debug|x86.ActiveCfg = Debug|Any CPU
		{844CD768-F168-4BB3-B79B-03B7C8BD510A}.Debug|x86.Build.0 = Debug|Any CPU
		{844CD768-F168-4BB3-B79B-03B7C8BD510A}.Release|Any CPU.ActiveCfg = Release|Any CPU
		{844CD768-F168-4BB3-B79B-03B7C8BD510A}.Release|Any CPU.Build.0 = Release|Any CPU
		{844CD768-F168-4BB3-B79B-03B7C8BD510A}.Release|x64.ActiveCfg = Release|Any CPU
		{844CD768-F168-4BB3-B79B-03B7C8BD510A}.Release|x64.Build.0 = Release|Any CPU
		{844CD768-F168-4BB3-B79B-03B7C8BD510A}.Release|x86.ActiveCfg = Release|Any CPU
		{844CD768-F168-4BB3-B79B-03B7C8BD510A}.Release|x86.Build.0 = Release|Any CPU
		{6038E4E6-65DC-4E54-8B11-D21652DF3A41}.Debug|Any CPU.ActiveCfg = Debug|Any CPU
		{6038E4E6-65DC-4E54-8B11-D21652DF3A41}.Debug|Any CPU.Build.0 = Debug|Any CPU
		{6038E4E6-65DC-4E54-8B11-D21652DF3A41}.Debug|x64.ActiveCfg = Debug|Any CPU
		{6038E4E6-65DC-4E54-8B11-D21652DF3A41}.Debug|x64.Build.0 = Debug|Any CPU
		{6038E4E6-65DC-4E54-8B11-D21652DF3A41}.Debug|x86.ActiveCfg = Debug|Any CPU
		{6038E4E6-65DC-4E54-8B11-D21652DF3A41}.Debug|x86.Build.0 = Debug|Any CPU
		{6038E4E6-65DC-4E54-8B11-D21652DF3A41}.Release|Any CPU.ActiveCfg = Release|Any CPU
		{6038E4E6-65DC-4E54-8B11-D21652DF3A41}.Release|Any CPU.Build.0 = Release|Any CPU
		{6038E4E6-65DC-4E54-8B11-D21652DF3A41}.Release|x64.ActiveCfg = Release|Any CPU
		{6038E4E6-65DC-4E54-8B11-D21652DF3A41}.Release|x64.Build.0 = Release|Any CPU
		{6038E4E6-65DC-4E54-8B11-D21652DF3A41}.Release|x86.ActiveCfg = Release|Any CPU
		{6038E4E6-65DC-4E54-8B11-D21652DF3A41}.Release|x86.Build.0 = Release|Any CPU
		{78995201-8F38-4848-8DE3-A3E01CE5AD68}.Debug|Any CPU.ActiveCfg = Debug|Any CPU
		{78995201-8F38-4848-8DE3-A3E01CE5AD68}.Debug|Any CPU.Build.0 = Debug|Any CPU
		{78995201-8F38-4848-8DE3-A3E01CE5AD68}.Debug|x64.ActiveCfg = Debug|Any CPU
		{78995201-8F38-4848-8DE3-A3E01CE5AD68}.Debug|x64.Build.0 = Debug|Any CPU
		{78995201-8F38-4848-8DE3-A3E01CE5AD68}.Debug|x86.ActiveCfg = Debug|Any CPU
		{78995201-8F38-4848-8DE3-A3E01CE5AD68}.Debug|x86.Build.0 = Debug|Any CPU
		{78995201-8F38-4848-8DE3-A3E01CE5AD68}.Release|Any CPU.ActiveCfg = Release|Any CPU
		{78995201-8F38-4848-8DE3-A3E01CE5AD68}.Release|Any CPU.Build.0 = Release|Any CPU
		{78995201-8F38-4848-8DE3-A3E01CE5AD68}.Release|x64.ActiveCfg = Release|Any CPU
		{78995201-8F38-4848-8DE3-A3E01CE5AD68}.Release|x64.Build.0 = Release|Any CPU
		{78995201-8F38-4848-8DE3-A3E01CE5AD68}.Release|x86.ActiveCfg = Release|Any CPU
		{78995201-8F38-4848-8DE3-A3E01CE5AD68}.Release|x86.Build.0 = Release|Any CPU
		{AEC4B5C2-5A60-49A3-8B7E-133E91F50FB1}.Debug|Any CPU.ActiveCfg = Debug|Any CPU
		{AEC4B5C2-5A60-49A3-8B7E-133E91F50FB1}.Debug|Any CPU.Build.0 = Debug|Any CPU
		{AEC4B5C2-5A60-49A3-8B7E-133E91F50FB1}.Debug|x64.ActiveCfg = Debug|Any CPU
		{AEC4B5C2-5A60-49A3-8B7E-133E91F50FB1}.Debug|x64.Build.0 = Debug|Any CPU
		{AEC4B5C2-5A60-49A3-8B7E-133E91F50FB1}.Debug|x86.ActiveCfg = Debug|Any CPU
		{AEC4B5C2-5A60-49A3-8B7E-133E91F50FB1}.Debug|x86.Build.0 = Debug|Any CPU
		{AEC4B5C2-5A60-49A3-8B7E-133E91F50FB1}.Release|Any CPU.ActiveCfg = Release|Any CPU
		{AEC4B5C2-5A60-49A3-8B7E-133E91F50FB1}.Release|Any CPU.Build.0 = Release|Any CPU
		{AEC4B5C2-5A60-49A3-8B7E-133E91F50FB1}.Release|x64.ActiveCfg = Release|Any CPU
		{AEC4B5C2-5A60-49A3-8B7E-133E91F50FB1}.Release|x64.Build.0 = Release|Any CPU
		{AEC4B5C2-5A60-49A3-8B7E-133E91F50FB1}.Release|x86.ActiveCfg = Release|Any CPU
		{AEC4B5C2-5A60-49A3-8B7E-133E91F50FB1}.Release|x86.Build.0 = Release|Any CPU
		{A5C38F93-D72C-4F52-8DAC-0076061B8A4E}.Debug|Any CPU.ActiveCfg = Debug|Any CPU
		{A5C38F93-D72C-4F52-8DAC-0076061B8A4E}.Debug|Any CPU.Build.0 = Debug|Any CPU
		{A5C38F93-D72C-4F52-8DAC-0076061B8A4E}.Debug|x64.ActiveCfg = Debug|Any CPU
		{A5C38F93-D72C-4F52-8DAC-0076061B8A4E}.Debug|x64.Build.0 = Debug|Any CPU
		{A5C38F93-D72C-4F52-8DAC-0076061B8A4E}.Debug|x86.ActiveCfg = Debug|Any CPU
		{A5C38F93-D72C-4F52-8DAC-0076061B8A4E}.Debug|x86.Build.0 = Debug|Any CPU
		{A5C38F93-D72C-4F52-8DAC-0076061B8A4E}.Release|Any CPU.ActiveCfg = Release|Any CPU
		{A5C38F93-D72C-4F52-8DAC-0076061B8A4E}.Release|Any CPU.Build.0 = Release|Any CPU
		{A5C38F93-D72C-4F52-8DAC-0076061B8A4E}.Release|x64.ActiveCfg = Release|Any CPU
		{A5C38F93-D72C-4F52-8DAC-0076061B8A4E}.Release|x64.Build.0 = Release|Any CPU
		{A5C38F93-D72C-4F52-8DAC-0076061B8A4E}.Release|x86.ActiveCfg = Release|Any CPU
		{A5C38F93-D72C-4F52-8DAC-0076061B8A4E}.Release|x86.Build.0 = Release|Any CPU
		{D0C0C743-FBFA-4100-B5AC-4603959DAD3F}.Debug|Any CPU.ActiveCfg = Debug|Any CPU
		{D0C0C743-FBFA-4100-B5AC-4603959DAD3F}.Debug|Any CPU.Build.0 = Debug|Any CPU
		{D0C0C743-FBFA-4100-B5AC-4603959DAD3F}.Debug|x64.ActiveCfg = Debug|Any CPU
		{D0C0C743-FBFA-4100-B5AC-4603959DAD3F}.Debug|x64.Build.0 = Debug|Any CPU
		{D0C0C743-FBFA-4100-B5AC-4603959DAD3F}.Debug|x86.ActiveCfg = Debug|Any CPU
		{D0C0C743-FBFA-4100-B5AC-4603959DAD3F}.Debug|x86.Build.0 = Debug|Any CPU
		{D0C0C743-FBFA-4100-B5AC-4603959DAD3F}.Release|Any CPU.ActiveCfg = Release|Any CPU
		{D0C0C743-FBFA-4100-B5AC-4603959DAD3F}.Release|Any CPU.Build.0 = Release|Any CPU
		{D0C0C743-FBFA-4100-B5AC-4603959DAD3F}.Release|x64.ActiveCfg = Release|Any CPU
		{D0C0C743-FBFA-4100-B5AC-4603959DAD3F}.Release|x64.Build.0 = Release|Any CPU
		{D0C0C743-FBFA-4100-B5AC-4603959DAD3F}.Release|x86.ActiveCfg = Release|Any CPU
		{D0C0C743-FBFA-4100-B5AC-4603959DAD3F}.Release|x86.Build.0 = Release|Any CPU
	EndGlobalSection
	GlobalSection(SolutionProperties) = preSolution
		HideSolutionNode = FALSE
	EndGlobalSection
	GlobalSection(ExtensibilityGlobals) = postSolution
		SolutionGuid = {115C4848-9F2A-401E-97AA-2114963AD549}
	EndGlobalSection
EndGlobal
